
Microsoft Visual Studio Solution File, Format Version 12.00
# Visual Studio 15
VisualStudioVersion = 15.0.28307.757
MinimumVisualStudioVersion = 10.0.40219.1
Project("{FAE04EC0-301F-11D3-BF4B-00C04F79EFBC}") = "CampaignTranslate", "CampaignTranslate\CampaignTranslate.csproj", "{359BB711-066D-41F2-8375-8C895F08270D}"
EndProject
Global
	GlobalSection(SolutionConfigurationPlatforms) = preSolution
		Debug|Any CPU = Debug|Any CPU
		Release|Any CPU = Release|Any CPU
	EndGlobalSection
	GlobalSection(ProjectConfigurationPlatforms) = postSolution
		{359BB711-066D-41F2-8375-8C895F08270D}.Debug|Any CPU.ActiveCfg = Debug|Any CPU
		{359BB711-066D-41F2-8375-8C895F08270D}.Debug|Any CPU.Build.0 = Debug|Any CPU
		{359BB711-066D-41F2-8375-8C895F08270D}.Release|Any CPU.ActiveCfg = Release|Any CPU
		{359BB711-066D-41F2-8375-8C895F08270D}.Release|Any CPU.Build.0 = Release|Any CPU
	EndGlobalSection
	GlobalSection(SolutionProperties) = preSolution
		HideSolutionNode = FALSE
	EndGlobalSection
	GlobalSection(ExtensibilityGlobals) = postSolution
		SolutionGuid = {845E1FF9-8FEB-4435-A767-1AA40DC7A37B}
	EndGlobalSection
EndGlobal
